header:
    version: 14
overrides:
    repos:
        oe-core:
            commit: f235ffc43c7783a84e1ac0dce8489fcba8354e12
        bitbake:
            commit: 5d722b5d65e4eef7befe6376983385421e993f86
        meta-arm:
            commit: d987a5945802dcbbc06be91a0d34f00431ea840e
        meta-openembedded:
            commit: d2e6069771e435231a220a8ecac20c0e7ceff037
        meta-virtualization:
            commit: 4e6c583591c1da7e898254dd33eca5cc04c739a9
        meta-audioreach:
            commit: 75402c8d1ea1203dcf3a63792161f7d5d93946bb
        meta-selinux:
            commit: 4904b87b12c51a68efc5b9cd45c7b519fdc48af1
        meta-updater:
            commit: 2f51f8d7fe658a49d0991ddd0d0af7ff1535c6b4
        meta-security:
            commit: 8028c573db6923525c2918724f2bd36d4a420e0b
