header:
    version: 14
overrides:
    repos:
        oe-core:
            commit: 8c008f36d7af1e63cb3f4a2ba763efd1f1e5fe4d
        bitbake:
            commit: 5d722b5d65e4eef7befe6376983385421e993f86
        meta-arm:
            commit: d987a5945802dcbbc06be91a0d34f00431ea840e
        meta-openembedded:
            commit: d2e6069771e435231a220a8ecac20c0e7ceff037
        meta-virtualization:
            commit: 4e6c583591c1da7e898254dd33eca5cc04c739a9
        meta-audioreach:
            commit: 75402c8d1ea1203dcf3a63792161f7d5d93946bb
        meta-selinux:
            commit: 4904b87b12c51a68efc5b9cd45c7b519fdc48af1
        meta-updater:
            commit: d713c99a9ddace090c0efc0ed57022185daa6fb2
        meta-security:
            commit: 8028c573db6923525c2918724f2bd36d4a420e0b
