header:
    version: 14
overrides:
    repos:
        oe-core:
            commit: 5d1aa5c806c061a2994f4decb59016610f093213
        meta-lts-mixins:
            commit: 6ad95d00531b32ec01792ab496718943dc95277b
        bitbake:
            commit: acfe02fa38b5da9e6a36c6cedcf91d4fcbefbfbd
        meta-arm:
            commit: caa36c53f796beb25d9b9f58b1b7a492e9987e15
        meta-openembedded:
            commit: 100027977216601000cbefc42c2ff6cf667e7b5e
        meta-virtualization:
            commit: 781735b97ae5013cacabbecd38e6da6b510cf3fb
        meta-audioreach:
            commit: bb3f812fa666fa1a03279b77e2c75f529ee9d797
        meta-selinux:
            commit: 1c3a699f363167571ab39fecb0fe6f56691a4e20
        meta-updater:
            commit: f0e1ccafaa877d2781ed953236981dac57439dc8
        meta-security:
            commit: c0d1d6200e7a84c39fb940cb1f22aad4b0b3d808
        meta-dpdk:
            commit: ded70edc0937d939596a0c38b737af59afbb5e7b
